// !$*UTF8*$!
{ archiveVersion = 1; classes = {}; objectVersion = 56; objects = {
A71D60000000000000000001 = { isa = PBXFileReference; lastKnownFileType = folder.assetcatalog; path = Assets.xcassets; sourceTree = "<group>"; };
A71D60000000000000000002 = { isa = PBXBuildFile; fileRef = A71D60000000000000000001; };
962CE17194DD308939C0D4EE = { isa = PBXFileReference; lastKnownFileType = sourcecode.swift; path = CameraView.swift; sourceTree = "<group>"; };
E604F2783361C02035651A9D = { isa = PBXBuildFile; fileRef = 962CE17194DD308939C0D4EE; };
3CD633DB4C6FF5320DE4E811 = { isa = PBXFileReference; lastKnownFileType = sourcecode.swift; path = DashboardView.swift; sourceTree = "<group>"; };
E279FBAB386B3F33A0DE8AB8 = { isa = PBXBuildFile; fileRef = 3CD633DB4C6FF5320DE4E811; };
9867FA49A5276B3E7B70F5E7 = { isa = PBXFileReference; lastKnownFileType = sourcecode.swift; path = FoodClassifier.swift; sourceTree = "<group>"; };
D88F480FAA4B759D8E67584A = { isa = PBXBuildFile; fileRef = 9867FA49A5276B3E7B70F5E7; };
01F41CE346F91E6D10912672 = { isa = PBXFileReference; lastKnownFileType = sourcecode.swift; path = HealthService.swift; sourceTree = "<group>"; };
3053B18A1A49D5EEA61ACC38 = { isa = PBXBuildFile; fileRef = 01F41CE346F91E6D10912672; };
770C4F7C8618FC183343B8E3 = { isa = PBXFileReference; lastKnownFileType = sourcecode.swift; path = MealEditorView.swift; sourceTree = "<group>"; };
5D055D8A5BDA15E8D896B06B = { isa = PBXBuildFile; fileRef = 770C4F7C8618FC183343B8E3; };
D8C6A9968B7DEADFA1A2C2DE = { isa = PBXFileReference; lastKnownFileType = sourcecode.swift; path = MealLensApp.swift; sourceTree = "<group>"; };
0250F3AB0B724B0B38B27484 = { isa = PBXBuildFile; fileRef = D8C6A9968B7DEADFA1A2C2DE; };
1DB1B16705EF86E3452AC13F = { isa = PBXFileReference; lastKnownFileType = sourcecode.swift; path = Nutrition.swift; sourceTree = "<group>"; };
E3CB34E303514713F0C6ECBC = { isa = PBXBuildFile; fileRef = 1DB1B16705EF86E3452AC13F; };
F10100000000000000000001 = { isa = PBXFileReference; lastKnownFileType = file.mlmodel; path = FoodClassifier.mlmodel; sourceTree = "<group>"; };
F10100000000000000000002 = { isa = PBXBuildFile; fileRef = F10100000000000000000001; };
F50100000000000000000001 = { isa = PBXFileReference; lastKnownFileType = sourcecode.swift; path = PhotoPortionInference.swift; sourceTree = "<group>"; };
F50100000000000000000002 = { isa = PBXBuildFile; fileRef = F50100000000000000000001; };
F50100000000000000000003 = { isa = PBXFileReference; lastKnownFileType = file.mlmodel; path = PhotoGrams.mlmodel; sourceTree = "<group>"; };
F50100000000000000000004 = { isa = PBXBuildFile; fileRef = F50100000000000000000003; };
F50100000000000000000005 = { isa = PBXFileReference; lastKnownFileType = file.mlmodel; path = PhotoCalories.mlmodel; sourceTree = "<group>"; };
F50100000000000000000006 = { isa = PBXBuildFile; fileRef = F50100000000000000000005; };
AEAE4B28CDFF08F590396BA5 = { isa = PBXFileReference; lastKnownFileType = sourcecode.swift; path = MealLensTests.swift; sourceTree = "<group>"; };
80FAC02A0BD5812E2A00F339 = { isa = PBXBuildFile; fileRef = AEAE4B28CDFF08F590396BA5; };
7D1043473D55BFA90E8530D3 = { isa = PBXFileReference; explicitFileType = wrapper.application; path = MealLens.app; sourceTree = BUILT_PRODUCTS_DIR; };
A94A8FE5CCB19BA61C4C0873 = { isa = PBXFileReference; explicitFileType = wrapper.cfbundle; path = MealLensTests.xctest; sourceTree = BUILT_PRODUCTS_DIR; };
482182478A3ECD4745BEA917 = { isa = PBXGroup; children = (A71D60000000000000000001,962CE17194DD308939C0D4EE,3CD633DB4C6FF5320DE4E811,9867FA49A5276B3E7B70F5E7,01F41CE346F91E6D10912672,770C4F7C8618FC183343B8E3,D8C6A9968B7DEADFA1A2C2DE,1DB1B16705EF86E3452AC13F,F10100000000000000000001,F50100000000000000000001,F50100000000000000000003,F50100000000000000000005,); path = MealLens; sourceTree = "<group>"; };
8B7A6DECC0651D269EA794C7 = { isa = PBXGroup; children = (AEAE4B28CDFF08F590396BA5,); path = MealLensTests; sourceTree = "<group>"; };
FBDC4F23F93125BBEEAE800C = { isa = PBXGroup; children = (7D1043473D55BFA90E8530D3,A94A8FE5CCB19BA61C4C0873,); name = Products; sourceTree = "<group>"; };
B28B7AF69320201D1CF206EB = { isa = PBXGroup; children = (482182478A3ECD4745BEA917,8B7A6DECC0651D269EA794C7,FBDC4F23F93125BBEEAE800C,); sourceTree = "<group>"; };
BCE16DD0260827ECF338C787 = { isa = PBXSourcesBuildPhase; buildActionMask = 2147483647; files = (E604F2783361C02035651A9D,E279FBAB386B3F33A0DE8AB8,D88F480FAA4B759D8E67584A,3053B18A1A49D5EEA61ACC38,5D055D8A5BDA15E8D896B06B,0250F3AB0B724B0B38B27484,E3CB34E303514713F0C6ECBC,F50100000000000000000002,); runOnlyForDeploymentPostprocessing = 0; };
9F3002A5D69B22D357A58AA9 = { isa = PBXSourcesBuildPhase; buildActionMask = 2147483647; files = (80FAC02A0BD5812E2A00F339,); runOnlyForDeploymentPostprocessing = 0; };
0189424A5A60FED329FA868E = { isa = PBXResourcesBuildPhase; buildActionMask = 2147483647; files = (A71D60000000000000000002,F10100000000000000000002,F50100000000000000000004,F50100000000000000000006,); runOnlyForDeploymentPostprocessing = 0; };
89E1FD6268CC0F221A2BE178 = { isa = XCBuildConfiguration; buildSettings = {SWIFT_VERSION = "5.0";IPHONEOS_DEPLOYMENT_TARGET = "17.0";SDKROOT = "iphoneos";TARGETED_DEVICE_FAMILY = "1,2";CLANG_ENABLE_MODULES = "YES";SWIFT_OPTIMIZATION_LEVEL = "-Onone";DEBUG_INFORMATION_FORMAT = "dwarf";ENABLE_TESTABILITY = "YES";}; name = Debug; };
E6DE6C99132752C914FEF632 = { isa = XCBuildConfiguration; buildSettings = {SWIFT_VERSION = "5.0";IPHONEOS_DEPLOYMENT_TARGET = "17.0";SDKROOT = "iphoneos";TARGETED_DEVICE_FAMILY = "1,2";CLANG_ENABLE_MODULES = "YES";SWIFT_OPTIMIZATION_LEVEL = "-O";DEBUG_INFORMATION_FORMAT = "dwarf";ENABLE_TESTABILITY = "NO";}; name = Release; };
F8C70E4123C9AE82C42562CC = { isa = XCConfigurationList; buildConfigurations = (89E1FD6268CC0F221A2BE178,E6DE6C99132752C914FEF632,); defaultConfigurationIsVisible = 0; defaultConfigurationName = Release; };
7082CC0B6FC1282FCEABD07A = { isa = XCBuildConfiguration; buildSettings = {SWIFT_VERSION = "5.0";IPHONEOS_DEPLOYMENT_TARGET = "17.0";SDKROOT = "iphoneos";TARGETED_DEVICE_FAMILY = "1,2";CLANG_ENABLE_MODULES = "YES";SWIFT_OPTIMIZATION_LEVEL = "-Onone";DEBUG_INFORMATION_FORMAT = "dwarf";ENABLE_TESTABILITY = "YES";PRODUCT_BUNDLE_IDENTIFIER = "com.hajaeyun.MealLens20260905.a71d6";PRODUCT_NAME = "$(TARGET_NAME)";INFOPLIST_FILE = "MealLens/Info.plist";CODE_SIGN_ENTITLEMENTS = "MealLens/MealLens.entitlements";CODE_SIGN_STYLE = "Automatic";DEVELOPMENT_TEAM = "UX6LM8U38J";SWIFT_EMIT_LOC_STRINGS = "YES";ASSETCATALOG_COMPILER_APPICON_NAME = "AppIcon";}; name = Debug; };
639A7CA24D39909E713B47F7 = { isa = XCBuildConfiguration; buildSettings = {SWIFT_VERSION = "5.0";IPHONEOS_DEPLOYMENT_TARGET = "17.0";SDKROOT = "iphoneos";TARGETED_DEVICE_FAMILY = "1,2";CLANG_ENABLE_MODULES = "YES";SWIFT_OPTIMIZATION_LEVEL = "-O";DEBUG_INFORMATION_FORMAT = "dwarf";ENABLE_TESTABILITY = "NO";PRODUCT_BUNDLE_IDENTIFIER = "com.hajaeyun.MealLens20260905.a71d6";PRODUCT_NAME = "$(TARGET_NAME)";INFOPLIST_FILE = "MealLens/Info.plist";CODE_SIGN_ENTITLEMENTS = "MealLens/MealLens.entitlements";CODE_SIGN_STYLE = "Automatic";DEVELOPMENT_TEAM = "UX6LM8U38J";SWIFT_EMIT_LOC_STRINGS = "YES";ASSETCATALOG_COMPILER_APPICON_NAME = "AppIcon";}; name = Release; };
651ECA092BE81738918D8CDB = { isa = XCConfigurationList; buildConfigurations = (7082CC0B6FC1282FCEABD07A,639A7CA24D39909E713B47F7,); defaultConfigurationIsVisible = 0; defaultConfigurationName = Release; };
3452AD12C5E4C5DC2C2E2C64 = { isa = XCBuildConfiguration; buildSettings = {SWIFT_VERSION = "5.0";IPHONEOS_DEPLOYMENT_TARGET = "17.0";SDKROOT = "iphoneos";TARGETED_DEVICE_FAMILY = "1,2";CLANG_ENABLE_MODULES = "YES";SWIFT_OPTIMIZATION_LEVEL = "-Onone";DEBUG_INFORMATION_FORMAT = "dwarf";ENABLE_TESTABILITY = "YES";PRODUCT_BUNDLE_IDENTIFIER = "com.hajaeyun.MealLens20260905.a71d6Tests";PRODUCT_NAME = "$(TARGET_NAME)";GENERATE_INFOPLIST_FILE = "YES";TEST_HOST = "$(BUILT_PRODUCTS_DIR)/MealLens.app/$(BUNDLE_EXECUTABLE_FOLDER_PATH)/MealLens";BUNDLE_LOADER = "$(TEST_HOST)";CODE_SIGN_STYLE = "Automatic";DEVELOPMENT_TEAM = "UX6LM8U38J";}; name = Debug; };
6E168DDD403DF794A9765824 = { isa = XCBuildConfiguration; buildSettings = {SWIFT_VERSION = "5.0";IPHONEOS_DEPLOYMENT_TARGET = "17.0";SDKROOT = "iphoneos";TARGETED_DEVICE_FAMILY = "1,2";CLANG_ENABLE_MODULES = "YES";SWIFT_OPTIMIZATION_LEVEL = "-O";DEBUG_INFORMATION_FORMAT = "dwarf";ENABLE_TESTABILITY = "NO";PRODUCT_BUNDLE_IDENTIFIER = "com.hajaeyun.MealLens20260905.a71d6Tests";PRODUCT_NAME = "$(TARGET_NAME)";GENERATE_INFOPLIST_FILE = "YES";TEST_HOST = "$(BUILT_PRODUCTS_DIR)/MealLens.app/$(BUNDLE_EXECUTABLE_FOLDER_PATH)/MealLens";BUNDLE_LOADER = "$(TEST_HOST)";CODE_SIGN_STYLE = "Automatic";DEVELOPMENT_TEAM = "UX6LM8U38J";}; name = Release; };
9A53F848A289E771FF304C84 = { isa = XCConfigurationList; buildConfigurations = (3452AD12C5E4C5DC2C2E2C64,6E168DDD403DF794A9765824,); defaultConfigurationIsVisible = 0; defaultConfigurationName = Release; };
D799BAE6088A90139B415FCC = { isa = PBXContainerItemProxy; containerPortal = 98F54143AB4E86B28C3AFEE0; proxyType = 1; remoteGlobalIDString = 0E8A3AD980EC179856012B7E; remoteInfo = MealLens; };
DE58E2B17C19600779694943 = { isa = PBXTargetDependency; target = 0E8A3AD980EC179856012B7E; targetProxy = D799BAE6088A90139B415FCC; };
0E8A3AD980EC179856012B7E = { isa = PBXNativeTarget; buildConfigurationList = 651ECA092BE81738918D8CDB; buildPhases = (BCE16DD0260827ECF338C787,0189424A5A60FED329FA868E,); buildRules = (); dependencies = (); name = MealLens; productName = MealLens; productReference = 7D1043473D55BFA90E8530D3; productType = "com.apple.product-type.application"; };
0A06C5E2DA34E686D888A695 = { isa = PBXNativeTarget; buildConfigurationList = 9A53F848A289E771FF304C84; buildPhases = (9F3002A5D69B22D357A58AA9,); buildRules = (); dependencies = (DE58E2B17C19600779694943,); name = MealLensTests; productName = MealLensTests; productReference = A94A8FE5CCB19BA61C4C0873; productType = "com.apple.product-type.bundle.unit-test"; };
98F54143AB4E86B28C3AFEE0 = { isa = PBXProject; attributes = { LastUpgradeCheck = 2600; TargetAttributes = { 0E8A3AD980EC179856012B7E = { SystemCapabilities = { com.apple.HealthKit = { enabled = 1; }; }; }; }; }; buildConfigurationList = F8C70E4123C9AE82C42562CC; compatibilityVersion = "Xcode 14.0"; developmentRegion = ko; knownRegions = (ko,en,Base); mainGroup = B28B7AF69320201D1CF206EB; productRefGroup = FBDC4F23F93125BBEEAE800C; projectDirPath = ""; projectRoot = ""; targets = (0E8A3AD980EC179856012B7E,0A06C5E2DA34E686D888A695,); };
}; rootObject = 98F54143AB4E86B28C3AFEE0; }
